
Microsoft Visual Studio Solution File, Format Version 12.00
# Visual Studio Version 16
VisualStudioVersion = 16.0.30413.136
MinimumVisualStudioVersion = 10.0.40219.1
Project("{F2A71F9B-5D33-465A-A702-920D77279786}") = "HelloWorld.Console", "HelloWorld.Console\HelloWorld.Console.fsproj", "{AE715ABF-96EF-4209-B4D0-C1B478E0AA52}"
EndProject
Global
	GlobalSection(SolutionConfigurationPlatforms) = preSolution
		Debug|Any CPU = Debug|Any CPU
		Release|Any CPU = Release|Any CPU
	EndGlobalSection
	GlobalSection(ProjectConfigurationPlatforms) = postSolution
		{AE715ABF-96EF-4209-B4D0-C1B478E0AA52}.Debug|Any CPU.ActiveCfg = Debug|Any CPU
		{AE715ABF-96EF-4209-B4D0-C1B478E0AA52}.Debug|Any CPU.Build.0 = Debug|Any CPU
		{AE715ABF-96EF-4209-B4D0-C1B478E0AA52}.Release|Any CPU.ActiveCfg = Release|Any CPU
		{AE715ABF-96EF-4209-B4D0-C1B478E0AA52}.Release|Any CPU.Build.0 = Release|Any CPU
	EndGlobalSection
	GlobalSection(SolutionProperties) = preSolution
		HideSolutionNode = FALSE
	EndGlobalSection
	GlobalSection(ExtensibilityGlobals) = postSolution
		SolutionGuid = {18D707F5-39A5-4841-BE9A-E2F10F682820}
	EndGlobalSection
EndGlobal
